
Microsoft Visual Studio Solution File, Format Version 12.00
# Visual Studio Version 16
VisualStudioVersion = 16.0.30621.155
MinimumVisualStudioVersion = 10.0.40219.1
Project("{FAE04EC0-301F-11D3-BF4B-00C04F79EFBC}") = "BasicRepositoryPattern", "BasicRepositoryPattern\BasicRepositoryPattern.csproj", "{FB0754D1-674B-4D62-AC37-F13CC413E596}"
EndProject
Global
	GlobalSection(SolutionConfigurationPlatforms) = preSolution
		Debug|Any CPU = Debug|Any CPU
		Release|Any CPU = Release|Any CPU
	EndGlobalSection
	GlobalSection(ProjectConfigurationPlatforms) = postSolution
		{FB0754D1-674B-4D62-AC37-F13CC413E596}.Debug|Any CPU.ActiveCfg = Debug|Any CPU
		{FB0754D1-674B-4D62-AC37-F13CC413E596}.Debug|Any CPU.Build.0 = Debug|Any CPU
		{FB0754D1-674B-4D62-AC37-F13CC413E596}.Release|Any CPU.ActiveCfg = Release|Any CPU
		{FB0754D1-674B-4D62-AC37-F13CC413E596}.Release|Any CPU.Build.0 = Release|Any CPU
	EndGlobalSection
	GlobalSection(SolutionProperties) = preSolution
		HideSolutionNode = FALSE
	EndGlobalSection
	GlobalSection(ExtensibilityGlobals) = postSolution
		SolutionGuid = {E5FE2A37-8F11-40B8-B374-86277FFDF165}
	EndGlobalSection
EndGlobal
